
Microsoft Visual Studio Solution File, Format Version 12.00
# Visual Studio Version 17
VisualStudioVersion = 17.0.32112.339
MinimumVisualStudioVersion = 10.0.40219.1
Project("{9A19103F-16F7-4668-BE54-9A1E7A4F7556}") = "SER", "SER\SER.csproj", "{AD539909-6263-4A6A-A870-074E81AE32AD}"
EndProject
Global
	GlobalSection(SolutionConfigurationPlatforms) = preSolution
		Debug|Any CPU = Debug|Any CPU
		Release|Any CPU = Release|Any CPU
	EndGlobalSection
	GlobalSection(ProjectConfigurationPlatforms) = postSolution
		{AD539909-6263-4A6A-A870-074E81AE32AD}.Debug|Any CPU.ActiveCfg = Debug|Any CPU
		{AD539909-6263-4A6A-A870-074E81AE32AD}.Debug|Any CPU.Build.0 = Debug|Any CPU
		{AD539909-6263-4A6A-A870-074E81AE32AD}.Release|Any CPU.ActiveCfg = Release|Any CPU
		{AD539909-6263-4A6A-A870-074E81AE32AD}.Release|Any CPU.Build.0 = Release|Any CPU
	EndGlobalSection
	GlobalSection(SolutionProperties) = preSolution
		HideSolutionNode = FALSE
	EndGlobalSection
	GlobalSection(ExtensibilityGlobals) = postSolution
		SolutionGuid = {D857ACA6-5301-4F15-B03D-B18F48AA3073}
	EndGlobalSection
EndGlobal
